
Microsoft Visual Studio Solution File, Format Version 12.00
# Visual Studio 15
VisualStudioVersion = 15.0.28307.572
MinimumVisualStudioVersion = 10.0.40219.1
Project("{9A19103F-16F7-4668-BE54-9A1E7A4F7556}") = "EFM_Backend.API", "EFM_Backend.API.csproj", "{978ECC42-EB64-41BC-96F9-C155945C7480}"
EndProject
Global
	GlobalSection(SolutionConfigurationPlatforms) = preSolution
		Debug|Any CPU = Debug|Any CPU
		Release|Any CPU = Release|Any CPU
	EndGlobalSection
	GlobalSection(ProjectConfigurationPlatforms) = postSolution
		{978ECC42-EB64-41BC-96F9-C155945C7480}.Debug|Any CPU.ActiveCfg = Debug|Any CPU
		{978ECC42-EB64-41BC-96F9-C155945C7480}.Debug|Any CPU.Build.0 = Debug|Any CPU
		{978ECC42-EB64-41BC-96F9-C155945C7480}.Release|Any CPU.ActiveCfg = Release|Any CPU
		{978ECC42-EB64-41BC-96F9-C155945C7480}.Release|Any CPU.Build.0 = Release|Any CPU
	EndGlobalSection
	GlobalSection(SolutionProperties) = preSolution
		HideSolutionNode = FALSE
	EndGlobalSection
	GlobalSection(ExtensibilityGlobals) = postSolution
		SolutionGuid = {F268F033-94AF-43D7-866E-7701E5BE4D1F}
	EndGlobalSection
EndGlobal
